
Microsoft Visual Studio Solution File, Format Version 12.00
# Visual Studio 15
VisualStudioVersion = 15.0.27130.2010
MinimumVisualStudioVersion = 10.0.40219.1
Project("{FAE04EC0-301F-11D3-BF4B-00C04F79EFBC}") = "A2427Api", "A2427Api\A2427Api.csproj", "{071694BE-66A0-4E3F-BCFA-B38F7E161077}"
EndProject
Global
	GlobalSection(SolutionConfigurationPlatforms) = preSolution
		Debug|Any CPU = Debug|Any CPU
		Release|Any CPU = Release|Any CPU
	EndGlobalSection
	GlobalSection(ProjectConfigurationPlatforms) = postSolution
		{071694BE-66A0-4E3F-BCFA-B38F7E161077}.Debug|Any CPU.ActiveCfg = Debug|Any CPU
		{071694BE-66A0-4E3F-BCFA-B38F7E161077}.Debug|Any CPU.Build.0 = Debug|Any CPU
		{071694BE-66A0-4E3F-BCFA-B38F7E161077}.Release|Any CPU.ActiveCfg = Release|Any CPU
		{071694BE-66A0-4E3F-BCFA-B38F7E161077}.Release|Any CPU.Build.0 = Release|Any CPU
	EndGlobalSection
	GlobalSection(SolutionProperties) = preSolution
		HideSolutionNode = FALSE
	EndGlobalSection
	GlobalSection(ExtensibilityGlobals) = postSolution
		SolutionGuid = {797A7F67-A652-4FDF-A14C-2FBB533E5C13}
	EndGlobalSection
EndGlobal
